
Microsoft Visual Studio Solution File, Format Version 12.00
# Visual Studio Version 17
VisualStudioVersion = 17.7.34024.191
MinimumVisualStudioVersion = 10.0.40219.1
Project("{FAE04EC0-301F-11D3-BF4B-00C04F79EFBC}") = "Ezhednevnik", "Ezhednevnik\Ezhednevnik.csproj", "{F28F7D8F-70AB-4491-9475-4068B5908D37}"
EndProject
Global
	GlobalSection(SolutionConfigurationPlatforms) = preSolution
		Debug|Any CPU = Debug|Any CPU
		Release|Any CPU = Release|Any CPU
	EndGlobalSection
	GlobalSection(ProjectConfigurationPlatforms) = postSolution
		{F28F7D8F-70AB-4491-9475-4068B5908D37}.Debug|Any CPU.ActiveCfg = Debug|Any CPU
		{F28F7D8F-70AB-4491-9475-4068B5908D37}.Debug|Any CPU.Build.0 = Debug|Any CPU
		{F28F7D8F-70AB-4491-9475-4068B5908D37}.Release|Any CPU.ActiveCfg = Release|Any CPU
		{F28F7D8F-70AB-4491-9475-4068B5908D37}.Release|Any CPU.Build.0 = Release|Any CPU
	EndGlobalSection
	GlobalSection(SolutionProperties) = preSolution
		HideSolutionNode = FALSE
	EndGlobalSection
	GlobalSection(ExtensibilityGlobals) = postSolution
		SolutionGuid = {0C18880C-9C12-4FC2-97A7-55AF3D44C8E9}
	EndGlobalSection
EndGlobal
